
Microsoft Visual Studio Solution File, Format Version 12.00
# Visual Studio Version 17
VisualStudioVersion = 17.5.33627.172
MinimumVisualStudioVersion = 10.0.40219.1
Project("{FAE04EC0-301F-11D3-BF4B-00C04F79EFBC}") = "Wheely good cars!", "Wheely good cars!\Wheely good cars!.csproj", "{3760BCA2-B91D-450D-9233-976F4211B71B}"
EndProject
Global
	GlobalSection(SolutionConfigurationPlatforms) = preSolution
		Debug|Any CPU = Debug|Any CPU
		Release|Any CPU = Release|Any CPU
	EndGlobalSection
	GlobalSection(ProjectConfigurationPlatforms) = postSolution
		{3760BCA2-B91D-450D-9233-976F4211B71B}.Debug|Any CPU.ActiveCfg = Debug|Any CPU
		{3760BCA2-B91D-450D-9233-976F4211B71B}.Debug|Any CPU.Build.0 = Debug|Any CPU
		{3760BCA2-B91D-450D-9233-976F4211B71B}.Release|Any CPU.ActiveCfg = Release|Any CPU
		{3760BCA2-B91D-450D-9233-976F4211B71B}.Release|Any CPU.Build.0 = Release|Any CPU
	EndGlobalSection
	GlobalSection(SolutionProperties) = preSolution
		HideSolutionNode = FALSE
	EndGlobalSection
	GlobalSection(ExtensibilityGlobals) = postSolution
		SolutionGuid = {656F5C77-DB13-43C2-8B64-347C0020DA38}
	EndGlobalSection
EndGlobal
